
Microsoft Visual Studio Solution File, Format Version 12.00
# Visual Studio Version 17
VisualStudioVersion = 17.7.34202.233
MinimumVisualStudioVersion = 10.0.40219.1
Project("{FAE04EC0-301F-11D3-BF4B-00C04F79EFBC}") = "Day_2", "Day_2\Day_2.csproj", "{1B7C8A7B-8968-4F33-BD5F-C72E9FFBE49A}"
EndProject
Global
	GlobalSection(SolutionConfigurationPlatforms) = preSolution
		Debug|Any CPU = Debug|Any CPU
		Release|Any CPU = Release|Any CPU
	EndGlobalSection
	GlobalSection(ProjectConfigurationPlatforms) = postSolution
		{1B7C8A7B-8968-4F33-BD5F-C72E9FFBE49A}.Debug|Any CPU.ActiveCfg = Debug|Any CPU
		{1B7C8A7B-8968-4F33-BD5F-C72E9FFBE49A}.Debug|Any CPU.Build.0 = Debug|Any CPU
		{1B7C8A7B-8968-4F33-BD5F-C72E9FFBE49A}.Release|Any CPU.ActiveCfg = Release|Any CPU
		{1B7C8A7B-8968-4F33-BD5F-C72E9FFBE49A}.Release|Any CPU.Build.0 = Release|Any CPU
	EndGlobalSection
	GlobalSection(SolutionProperties) = preSolution
		HideSolutionNode = FALSE
	EndGlobalSection
	GlobalSection(ExtensibilityGlobals) = postSolution
		SolutionGuid = {D92DEF53-C218-4924-93F8-B1C5DBB6C0D8}
	EndGlobalSection
EndGlobal
