
Microsoft Visual Studio Solution File, Format Version 12.00
# Visual Studio Version 17
VisualStudioVersion = 17.7.34202.233
MinimumVisualStudioVersion = 10.0.40219.1
Project("{FAE04EC0-301F-11D3-BF4B-00C04F79EFBC}") = "Day_10", "Day_10\Day_10.csproj", "{685FEBF8-17E8-4BE9-8456-15B178132522}"
EndProject
Global
	GlobalSection(SolutionConfigurationPlatforms) = preSolution
		Debug|Any CPU = Debug|Any CPU
		Release|Any CPU = Release|Any CPU
	EndGlobalSection
	GlobalSection(ProjectConfigurationPlatforms) = postSolution
		{685FEBF8-17E8-4BE9-8456-15B178132522}.Debug|Any CPU.ActiveCfg = Debug|Any CPU
		{685FEBF8-17E8-4BE9-8456-15B178132522}.Debug|Any CPU.Build.0 = Debug|Any CPU
		{685FEBF8-17E8-4BE9-8456-15B178132522}.Release|Any CPU.ActiveCfg = Release|Any CPU
		{685FEBF8-17E8-4BE9-8456-15B178132522}.Release|Any CPU.Build.0 = Release|Any CPU
	EndGlobalSection
	GlobalSection(SolutionProperties) = preSolution
		HideSolutionNode = FALSE
	EndGlobalSection
	GlobalSection(ExtensibilityGlobals) = postSolution
		SolutionGuid = {52B964F2-78E8-4898-A33C-EF37299FC626}
	EndGlobalSection
EndGlobal
